{
  "name": "punkmade",
  "lockfileVersion": 3,
  "requires": true,
  "packages": {
    "": {
      "dependencies": {
        "@mdit/plugin-img-lazyload": "^0.5.0",
        "@mdit/plugin-sub": "^0.5.0",
        "@mdit/plugin-sup": "^0.5.0",
        "@mdit/plugin-tasklist": "^0.5.0"
      }
    },
    "node_modules/@mdit/plugin-img-lazyload": {
      "version": "0.5.0",
      "resolved": "https://registry.npmjs.org/@mdit/plugin-img-lazyload/-/plugin-img-lazyload-0.5.0.tgz",
      "integrity": "sha512-xhwDVedwqokv4GSw9nFT9wHboLkCSynOitBrdXBbemNfIlhOHG0a7590Cy1WIGpEcX2dx6E4Y5PW7tuvJv/K1A==",
      "dependencies": {
        "@types/markdown-it": "^13.0.2"
      },
      "engines": {
        "node": ">= 18"
      },
      "peerDependencies": {
        "markdown-it": "^13.0.2"
      },
      "peerDependenciesMeta": {
        "markdown-it": {
          "optional": true
        }
      }
    },
    "node_modules/@mdit/plugin-sub": {
      "version": "0.5.0",
      "resolved": "https://registry.npmjs.org/@mdit/plugin-sub/-/plugin-sub-0.5.0.tgz",
      "integrity": "sha512-N67GxSyVlXd3dZ6bQsW3Dc17j4yignQPxQXkTuv0tVpZ/W+bVWPhTMT7g86JWXq1+q80hh4et/oAiTIRe1bg+Q==",
      "dependencies": {
        "@types/markdown-it": "^13.0.2"
      },
      "engines": {
        "node": ">= 18"
      },
      "peerDependencies": {
        "markdown-it": "^13.0.2"
      },
      "peerDependenciesMeta": {
        "markdown-it": {
          "optional": true
        }
      }
    },
    "node_modules/@mdit/plugin-sup": {
      "version": "0.5.0",
      "resolved": "https://registry.npmjs.org/@mdit/plugin-sup/-/plugin-sup-0.5.0.tgz",
      "integrity": "sha512-SotSpk1o4dbNQfRqsuqavSN4HNwY3YtJP/4AV0i7IlCLlWcCbs5IMEDg1JzpN5cwDrHJ7hJMkieJMB6mgYWZ6g==",
      "dependencies": {
        "@types/markdown-it": "^13.0.2"
      },
      "engines": {
        "node": ">= 18"
      },
      "peerDependencies": {
        "markdown-it": "^13.0.2"
      },
      "peerDependenciesMeta": {
        "markdown-it": {
          "optional": true
        }
      }
    },
    "node_modules/@mdit/plugin-tasklist": {
      "version": "0.5.0",
      "resolved": "https://registry.npmjs.org/@mdit/plugin-tasklist/-/plugin-tasklist-0.5.0.tgz",
      "integrity": "sha512-Xa3KBZfC3QJdOJo3CJvAFIffIELohu+D9UgJDFecG35nFJ+DsOdAAN44B+rv9WgnqSyZaVb3m4SCQQLflS58Ow==",
      "dependencies": {
        "@types/markdown-it": "^13.0.2"
      },
      "engines": {
        "node": ">= 18"
      },
      "peerDependencies": {
        "markdown-it": "^13.0.2"
      },
      "peerDependenciesMeta": {
        "markdown-it": {
          "optional": true
        }
      }
    },
    "node_modules/@types/linkify-it": {
      "version": "3.0.4",
      "resolved": "https://registry.npmjs.org/@types/linkify-it/-/linkify-it-3.0.4.tgz",
      "integrity": "sha512-hPpIeeHb/2UuCw06kSNAOVWgehBLXEo0/fUs0mw3W2qhqX89PI2yvok83MnuctYGCPrabGIoi0fFso4DQ+sNUQ=="
    },
    "node_modules/@types/markdown-it": {
      "version": "13.0.5",
      "resolved": "https://registry.npmjs.org/@types/markdown-it/-/markdown-it-13.0.5.tgz",
      "integrity": "sha512-QhJP7hkq3FCrFNx0szMNCT/79CXfcEgUIA3jc5GBfeXqoKsk3R8JZm2wRXJ2DiyjbPE4VMFOSDemLFcUTZmHEQ==",
      "dependencies": {
        "@types/linkify-it": "*",
        "@types/mdurl": "*"
      }
    },
    "node_modules/@types/mdurl": {
      "version": "1.0.4",
      "resolved": "https://registry.npmjs.org/@types/mdurl/-/mdurl-1.0.4.tgz",
      "integrity": "sha512-ARVxjAEX5TARFRzpDRVC6cEk0hUIXCCwaMhz8y7S1/PxU6zZS1UMjyobz7q4w/D/R552r4++EhwmXK1N2rAy0A=="
    }
  }
}
